// !$*UTF8*$!
{
	archiveVersion = 1;
	classes = {
	};
	objectVersion = 50;
	objects = {

/* Begin PBXBuildFile section */
		6965C00F21FD6B9000B31C1B /* AppDelegate.swift in Sources */ = {isa = PBXBuildFile; fileRef = 6965C00E21FD6B9000B31C1B /* AppDelegate.swift */; };
		6965C01121FD6B9000B31C1B /* ViewController.swift in Sources */ = {isa = PBXBuildFile; fileRef = 6965C01021FD6B9000B31C1B /* ViewController.swift */; };
		6965C01421FD6B9100B31C1B /* Main.storyboard in Resources */ = {isa = PBXBuildFile; fileRef = 6965C01221FD6B9000B31C1B /* Main.storyboard */; };
		6965C01621FD6B9300B31C1B /* Assets.xcassets in Resources */ = {isa = PBXBuildFile; fileRef = 6965C01521FD6B9300B31C1B /* Assets.xcassets */; };
		6965C01921FD6B9300B31C1B /* LaunchScreen.storyboard in Resources */ = {isa = PBXBuildFile; fileRef = 6965C01721FD6B9300B31C1B /* LaunchScreen.storyboard */; };
		6965C02421FD6B9300B31C1B /* AutoLayoutProgrammaticallyTests.swift in Sources */ = {isa = PBXBuildFile; fileRef = 6965C02321FD6B9300B31C1B /* AutoLayoutProgrammaticallyTests.swift */; };
		6998E5B022001EC000D6C582 /* SwipingController+Extention.swift in Sources */ = {isa = PBXBuildFile; fileRef = 6998E5AF22001EC000D6C582 /* SwipingController+Extention.swift */; };
		6998E5B222001F9600D6C582 /* SwipingController+UICollectionView.swift in Sources */ = {isa = PBXBuildFile; fileRef = 6998E5B122001F9600D6C582 /* SwipingController+UICollectionView.swift */; };
		69B541E821FED68B00E5C6AA /* SwipingController.swift in Sources */ = {isa = PBXBuildFile; fileRef = 69B541E721FED68B00E5C6AA /* SwipingController.swift */; };
		69B541EA21FEEF6B00E5C6AA /* PageCell.swift in Sources */ = {isa = PBXBuildFile; fileRef = 69B541E921FEEF6B00E5C6AA /* PageCell.swift */; };
		69B541EC21FEFBA600E5C6AA /* Page.swift in Sources */ = {isa = PBXBuildFile; fileRef = 69B541EB21FEFBA600E5C6AA /* Page.swift */; };
/* End PBXBuildFile section */

/* Begin PBXContainerItemProxy section */
		6965C02021FD6B9300B31C1B /* PBXContainerItemProxy */ = {
			isa = PBXContainerItemProxy;
			containerPortal = 6965C00321FD6B9000B31C1B /* Project object */;
			proxyType = 1;
			remoteGlobalIDString = 6965C00A21FD6B9000B31C1B;
			remoteInfo = AutoLayoutProgrammatically;
		};
/* End PBXContainerItemProxy section */

/* Begin PBXFileReference section */
		6965C00B21FD6B9000B31C1B /* AutoLayoutProgrammatically.app */ = {isa = PBXFileReference; explicitFileType = wrapper.application; includeInIndex = 0; path = AutoLayoutProgrammatically.app; sourceTree = BUILT_PRODUCTS_DIR; };
		6965C00E21FD6B9000B31C1B /* AppDelegate.swift */ = {isa = PBXFileReference; lastKnownFileType = sourcecode.swift; path = AppDelegate.swift; sourceTree = "<group>"; };
		6965C01021FD6B9000B31C1B /* ViewController.swift */ = {isa = PBXFileReference; lastKnownFileType = sourcecode.swift; path = ViewController.swift; sourceTree = "<group>"; };
		6965C01321FD6B9000B31C1B /* Base */ = {isa = PBXFileReference; lastKnownFileType = file.storyboard; name = Base; path = Base.lproj/Main.storyboard; sourceTree = "<group>"; };
		6965C01521FD6B9300B31C1B /* Assets.xcassets */ = {isa = PBXFileReference; lastKnownFileType = folder.assetcatalog; path = Assets.xcassets; sourceTree = "<group>"; };
		6965C01821FD6B9300B31C1B /* Base */ = {isa = PBXFileReference; lastKnownFileType = file.storyboard; name = Base; path = Base.lproj/LaunchScreen.storyboard; sourceTree = "<group>"; };
		6965C01A21FD6B9300B31C1B /* Info.plist */ = {isa = PBXFileReference; lastKnownFileType = text.plist.xml; path = Info.plist; sourceTree = "<group>"; };
		6965C01F21FD6B9300B31C1B /* AutoLayoutProgrammaticallyTests.xctest */ = {isa = PBXFileReference; explicitFileType = wrapper.cfbundle; includeInIndex = 0; path = AutoLayoutProgrammaticallyTests.xctest; sourceTree = BUILT_PRODUCTS_DIR; };
		6965C02321FD6B9300B31C1B /* AutoLayoutProgrammaticallyTests.swift */ = {isa = PBXFileReference; lastKnownFileType = sourcecode.swift; path = AutoLayoutProgrammaticallyTests.swift; sourceTree = "<group>"; };
		6965C02521FD6B9300B31C1B /* Info.plist */ = {isa = PBXFileReference; lastKnownFileType = text.plist.xml; path = Info.plist; sourceTree = "<group>"; };
		6998E5AF22001EC000D6C582 /* SwipingController+Extention.swift */ = {isa = PBXFileReference; lastKnownFileType = sourcecode.swift; path = "SwipingController+Extention.swift"; sourceTree = "<group>"; };
		6998E5B122001F9600D6C582 /* SwipingController+UICollectionView.swift */ = {isa = PBXFileReference; lastKnownFileType = sourcecode.swift; path = "SwipingController+UICollectionView.swift"; sourceTree = "<group>"; };
		69B541E721FED68B00E5C6AA /* SwipingController.swift */ = {isa = PBXFileReference; lastKnownFileType = sourcecode.swift; path = SwipingController.swift; sourceTree = "<group>"; };
		69B541E921FEEF6B00E5C6AA /* PageCell.swift */ = {isa = PBXFileReference; lastKnownFileType = sourcecode.swift; path = PageCell.swift; sourceTree = "<group>"; };
		69B541EB21FEFBA600E5C6AA /* Page.swift */ = {isa = PBXFileReference; lastKnownFileType = sourcecode.swift; path = Page.swift; sourceTree = "<group>"; };
/* End PBXFileReference section */

/* Begin PBXFrameworksBuildPhase section */
		6965C00821FD6B9000B31C1B /* Frameworks */ = {
			isa = PBXFrameworksBuildPhase;
			buildActionMask = 2147483647;
			files = (
			);
			runOnlyForDeploymentPostprocessing = 0;
		};
		6965C01C21FD6B9300B31C1B /* Frameworks */ = {
			isa = PBXFrameworksBuildPhase;
			buildActionMask = 2147483647;
			files = (
			);
			runOnlyForDeploymentPostprocessing = 0;
		};
/* End PBXFrameworksBuildPhase section */

/* Begin PBXGroup section */
		6965C00221FD6B9000B31C1B = {
			isa = PBXGroup;
			children = (
				6965C00D21FD6B9000B31C1B /* AutoLayoutProgrammatically */,
				6965C02221FD6B9300B31C1B /* AutoLayoutProgrammaticallyTests */,
				6965C00C21FD6B9000B31C1B /* Products */,
			);
			sourceTree = "<group>";
		};
		6965C00C21FD6B9000B31C1B /* Products */ = {
			isa = PBXGroup;
			children = (
				6965C00B21FD6B9000B31C1B /* AutoLayoutProgrammatically.app */,
				6965C01F21FD6B9300B31C1B /* AutoLayoutProgrammaticallyTests.xctest */,
			);
			name = Products;
			sourceTree = "<group>";
		};
		6965C00D21FD6B9000B31C1B /* AutoLayoutProgrammatically */ = {
			isa = PBXGroup;
			children = (
				6965C00E21FD6B9000B31C1B /* AppDelegate.swift */,
				6965C01021FD6B9000B31C1B /* ViewController.swift */,
				69B541E721FED68B00E5C6AA /* SwipingController.swift */,
				6998E5B122001F9600D6C582 /* SwipingController+UICollectionView.swift */,
				6998E5AF22001EC000D6C582 /* SwipingController+Extention.swift */,
				69B541E921FEEF6B00E5C6AA /* PageCell.swift */,
				69B541EB21FEFBA600E5C6AA /* Page.swift */,
				6965C01221FD6B9000B31C1B /* Main.storyboard */,
				6965C01521FD6B9300B31C1B /* Assets.xcassets */,
				6965C01721FD6B9300B31C1B /* LaunchScreen.storyboard */,
				6965C01A21FD6B9300B31C1B /* Info.plist */,
			);
			path = AutoLayoutProgrammatically;
			sourceTree = "<group>";
		};
		6965C02221FD6B9300B31C1B /* AutoLayoutProgrammaticallyTests */ = {
			isa = PBXGroup;
			children = (
				6965C02321FD6B9300B31C1B /* AutoLayoutProgrammaticallyTests.swift */,
				6965C02521FD6B9300B31C1B /* Info.plist */,
			);
			path = AutoLayoutProgrammaticallyTests;
			sourceTree = "<group>";
		};
/* End PBXGroup section */

/* Begin PBXNativeTarget section */
		6965C00A21FD6B9000B31C1B /* AutoLayoutProgrammatically */ = {
			isa = PBXNativeTarget;
			buildConfigurationList = 6965C02821FD6B9300B31C1B /* Build configuration list for PBXNativeTarget "AutoLayoutProgrammatically" */;
			buildPhases = (
				6965C00721FD6B9000B31C1B /* Sources */,
				6965C00821FD6B9000B31C1B /* Frameworks */,
				6965C00921FD6B9000B31C1B /* Resources */,
			);
			buildRules = (
			);
			dependencies = (
			);
			name = AutoLayoutProgrammatically;
			productName = AutoLayoutProgrammatically;
			productReference = 6965C00B21FD6B9000B31C1B /* AutoLayoutProgrammatically.app */;
			productType = "com.apple.product-type.application";
		};
		6965C01E21FD6B9300B31C1B /* AutoLayoutProgrammaticallyTests */ = {
			isa = PBXNativeTarget;
			buildConfigurationList = 6965C02B21FD6B9300B31C1B /* Build configuration list for PBXNativeTarget "AutoLayoutProgrammaticallyTests" */;
			buildPhases = (
				6965C01B21FD6B9300B31C1B /* Sources */,
				6965C01C21FD6B9300B31C1B /* Frameworks */,
				6965C01D21FD6B9300B31C1B /* Resources */,
			);
			buildRules = (
			);
			dependencies = (
				6965C02121FD6B9300B31C1B /* PBXTargetDependency */,
			);
			name = AutoLayoutProgrammaticallyTests;
			productName = AutoLayoutProgrammaticallyTests;
			productReference = 6965C01F21FD6B9300B31C1B /* AutoLayoutProgrammaticallyTests.xctest */;
			productType = "com.apple.product-type.bundle.unit-test";
		};
/* End PBXNativeTarget section */

/* Begin PBXProject section */
		6965C00321FD6B9000B31C1B /* Project object */ = {
			isa = PBXProject;
			attributes = {
				LastSwiftUpdateCheck = 1010;
				LastUpgradeCheck = 1010;
				ORGANIZATIONNAME = masato;
				TargetAttributes = {
					6965C00A21FD6B9000B31C1B = {
						CreatedOnToolsVersion = 10.1;
					};
					6965C01E21FD6B9300B31C1B = {
						CreatedOnToolsVersion = 10.1;
						TestTargetID = 6965C00A21FD6B9000B31C1B;
					};
				};
			};
			buildConfigurationList = 6965C00621FD6B9000B31C1B /* Build configuration list for PBXProject "AutoLayoutProgrammatically" */;
			compatibilityVersion = "Xcode 9.3";
			developmentRegion = en;
			hasScannedForEncodings = 0;
			knownRegions = (
				en,
				Base,
			);
			mainGroup = 6965C00221FD6B9000B31C1B;
			productRefGroup = 6965C00C21FD6B9000B31C1B /* Products */;
			projectDirPath = "";
			projectRoot = "";
			targets = (
				6965C00A21FD6B9000B31C1B /* AutoLayoutProgrammatically */,
				6965C01E21FD6B9300B31C1B /* AutoLayoutProgrammaticallyTests */,
			);
		};
/* End PBXProject section */

/* Begin PBXResourcesBuildPhase section */
		6965C00921FD6B9000B31C1B /* Resources */ = {
			isa = PBXResourcesBuildPhase;
			buildActionMask = 2147483647;
			files = (
				6965C01921FD6B9300B31C1B /* LaunchScreen.storyboard in Resources */,
				6965C01621FD6B9300B31C1B /* Assets.xcassets in Resources */,
				6965C01421FD6B9100B31C1B /* Main.storyboard in Resources */,
			);
			runOnlyForDeploymentPostprocessing = 0;
		};
		6965C01D21FD6B9300B31C1B /* Resources */ = {
			isa = PBXResourcesBuildPhase;
			buildActionMask = 2147483647;
			files = (
			);
			runOnlyForDeploymentPostprocessing = 0;
		};
/* End PBXResourcesBuildPhase section */

/* Begin PBXSourcesBuildPhase section */
		6965C00721FD6B9000B31C1B /* Sources */ = {
			isa = PBXSourcesBuildPhase;
			buildActionMask = 2147483647;
			files = (
				6998E5B022001EC000D6C582 /* SwipingController+Extention.swift in Sources */,
				6965C01121FD6B9000B31C1B /* ViewController.swift in Sources */,
				6965C00F21FD6B9000B31C1B /* AppDelegate.swift in Sources */,
				6998E5B222001F9600D6C582 /* SwipingController+UICollectionView.swift in Sources */,
				69B541EA21FEEF6B00E5C6AA /* PageCell.swift in Sources */,
				69B541E821FED68B00E5C6AA /* SwipingController.swift in Sources */,
				69B541EC21FEFBA600E5C6AA /* Page.swift in Sources */,
			);
			runOnlyForDeploymentPostprocessing = 0;
		};
		6965C01B21FD6B9300B31C1B /* Sources */ = {
			isa = PBXSourcesBuildPhase;
			buildActionMask = 2147483647;
			files = (
				6965C02421FD6B9300B31C1B /* AutoLayoutProgrammaticallyTests.swift in Sources */,
			);
			runOnlyForDeploymentPostprocessing = 0;
		};
/* End PBXSourcesBuildPhase section */

/* Begin PBXTargetDependency section */
		6965C02121FD6B9300B31C1B /* PBXTargetDependency */ = {
			isa = PBXTargetDependency;
			target = 6965C00A21FD6B9000B31C1B /* AutoLayoutProgrammatically */;
			targetProxy = 6965C02021FD6B9300B31C1B /* PBXContainerItemProxy */;
		};
/* End PBXTargetDependency section */

/* Begin PBXVariantGroup section */
		6965C01221FD6B9000B31C1B /* Main.storyboard */ = {
			isa = PBXVariantGroup;
			children = (
				6965C01321FD6B9000B31C1B /* Base */,
			);
			name = Main.storyboard;
			sourceTree = "<group>";
		};
		6965C01721FD6B9300B31C1B /* LaunchScreen.storyboard */ = {
			isa = PBXVariantGroup;
			children = (
				6965C01821FD6B9300B31C1B /* Base */,
			);
			name = LaunchScreen.storyboard;
			sourceTree = "<group>";
		};
/* End PBXVariantGroup section */

/* Begin XCBuildConfiguration section */
		6965C02621FD6B9300B31C1B /* Debug */ = {
			isa = XCBuildConfiguration;
			buildSettings = {
				ALWAYS_SEARCH_USER_PATHS = NO;
				CLANG_ANALYZER_NONNULL = YES;
				CLANG_ANALYZER_NUMBER_OBJECT_CONVERSION = YES_AGGRESSIVE;
				CLANG_CXX_LANGUAGE_STANDARD = "gnu++14";
				CLANG_CXX_LIBRARY = "libc++";
				CLANG_ENABLE_MODULES = YES;
				CLANG_ENABLE_OBJC_ARC = YES;
				CLANG_ENABLE_OBJC_WEAK = YES;
				CLANG_WARN_BLOCK_CAPTURE_AUTORELEASING = YES;
				CLANG_WARN_BOOL_CONVERSION = YES;
				CLANG_WARN_COMMA = YES;
				CLANG_WARN_CONSTANT_CONVERSION = YES;
				CLANG_WARN_DEPRECATED_OBJC_IMPLEMENTATIONS = YES;
				CLANG_WARN_DIRECT_OBJC_ISA_USAGE = YES_ERROR;
				CLANG_WARN_DOCUMENTATION_COMMENTS = YES;
				CLANG_WARN_EMPTY_BODY = YES;
				CLANG_WARN_ENUM_CONVERSION = YES;
				CLANG_WARN_INFINITE_RECURSION = YES;
				CLANG_WARN_INT_CONVERSION = YES;
				CLANG_WARN_NON_LITERAL_NULL_CONVERSION = YES;
				CLANG_WARN_OBJC_IMPLICIT_RETAIN_SELF = YES;
				CLANG_WARN_OBJC_LITERAL_CONVERSION = YES;
				CLANG_WARN_OBJC_ROOT_CLASS = YES_ERROR;
				CLANG_WARN_RANGE_LOOP_ANALYSIS = YES;
				CLANG_WARN_STRICT_PROTOTYPES = YES;
				CLANG_WARN_SUSPICIOUS_MOVE = YES;
				CLANG_WARN_UNGUARDED_AVAILABILITY = YES_AGGRESSIVE;
				CLANG_WARN_UNREACHABLE_CODE = YES;
				CLANG_WARN__DUPLICATE_METHOD_MATCH = YES;
				CODE_SIGN_IDENTITY = "iPhone Developer";
				COPY_PHASE_STRIP = NO;
				DEBUG_INFORMATION_FORMAT = dwarf;
				ENABLE_STRICT_OBJC_MSGSEND = YES;
				ENABLE_TESTABILITY = YES;
				GCC_C_LANGUAGE_STANDARD = gnu11;
				GCC_DYNAMIC_NO_PIC = NO;
				GCC_NO_COMMON_BLOCKS = YES;
				GCC_OPTIMIZATION_LEVEL = 0;
				GCC_PREPROCESSOR_DEFINITIONS = (
					"DEBUG=1",
					"$(inherited)",
				);
				GCC_WARN_64_TO_32_BIT_CONVERSION = YES;
				GCC_WARN_ABOUT_RETURN_TYPE = YES_ERROR;
				GCC_WARN_UNDECLARED_SELECTOR = YES;
				GCC_WARN_UNINITIALIZED_AUTOS = YES_AGGRESSIVE;
				GCC_WARN_UNUSED_FUNCTION = YES;
				GCC_WARN_UNUSED_VARIABLE = YES;
				IPHONEOS_DEPLOYMENT_TARGET = 12.1;
				MTL_ENABLE_DEBUG_INFO = INCLUDE_SOURCE;
				MTL_FAST_MATH = YES;
				ONLY_ACTIVE_ARCH = YES;
				SDKROOT = iphoneos;
				SWIFT_ACTIVE_COMPILATION_CONDITIONS = DEBUG;
				SWIFT_OPTIMIZATION_LEVEL = "-Onone";
			};
			name = Debug;
		};
		6965C02721FD6B9300B31C1B /* Release */ = {
			isa = XCBuildConfiguration;
			buildSettings = {
				ALWAYS_SEARCH_USER_PATHS = NO;
				CLANG_ANALYZER_NONNULL = YES;
				CLANG_ANALYZER_NUMBER_OBJECT_CONVERSION = YES_AGGRESSIVE;
				CLANG_CXX_LANGUAGE_STANDARD = "gnu++14";
				CLANG_CXX_LIBRARY = "libc++";
				CLANG_ENABLE_MODULES = YES;
				CLANG_ENABLE_OBJC_ARC = YES;
				CLANG_ENABLE_OBJC_WEAK = YES;
				CLANG_WARN_BLOCK_CAPTURE_AUTORELEASING = YES;
				CLANG_WARN_BOOL_CONVERSION = YES;
				CLANG_WARN_COMMA = YES;
				CLANG_WARN_CONSTANT_CONVERSION = YES;
				CLANG_WARN_DEPRECATED_OBJC_IMPLEMENTATIONS = YES;
				CLANG_WARN_DIRECT_OBJC_ISA_USAGE = YES_ERROR;
				CLANG_WARN_DOCUMENTATION_COMMENTS = YES;
				CLANG_WARN_EMPTY_BODY = YES;
				CLANG_WARN_ENUM_CONVERSION = YES;
				CLANG_WARN_INFINITE_RECURSION = YES;
				CLANG_WARN_INT_CONVERSION = YES;
				CLANG_WARN_NON_LITERAL_NULL_CONVERSION = YES;
				CLANG_WARN_OBJC_IMPLICIT_RETAIN_SELF = YES;
				CLANG_WARN_OBJC_LITERAL_CONVERSION = YES;
				CLANG_WARN_OBJC_ROOT_CLASS = YES_ERROR;
				CLANG_WARN_RANGE_LOOP_ANALYSIS = YES;
				CLANG_WARN_STRICT_PROTOTYPES = YES;
				CLANG_WARN_SUSPICIOUS_MOVE = YES;
				CLANG_WARN_UNGUARDED_AVAILABILITY = YES_AGGRESSIVE;
				CLANG_WARN_UNREACHABLE_CODE = YES;
				CLANG_WARN__DUPLICATE_METHOD_MATCH = YES;
				CODE_SIGN_IDENTITY = "iPhone Developer";
				COPY_PHASE_STRIP = NO;
				DEBUG_INFORMATION_FORMAT = "dwarf-with-dsym";
				ENABLE_NS_ASSERTIONS = NO;
				ENABLE_STRICT_OBJC_MSGSEND = YES;
				GCC_C_LANGUAGE_STANDARD = gnu11;
				GCC_NO_COMMON_BLOCKS = YES;
				GCC_WARN_64_TO_32_BIT_CONVERSION = YES;
				GCC_WARN_ABOUT_RETURN_TYPE = YES_ERROR;
				GCC_WARN_UNDECLARED_SELECTOR = YES;
				GCC_WARN_UNINITIALIZED_AUTOS = YES_AGGRESSIVE;
				GCC_WARN_UNUSED_FUNCTION = YES;
				GCC_WARN_UNUSED_VARIABLE = YES;
				IPHONEOS_DEPLOYMENT_TARGET = 12.1;
				MTL_ENABLE_DEBUG_INFO = NO;
				MTL_FAST_MATH = YES;
				SDKROOT = iphoneos;
				SWIFT_COMPILATION_MODE = wholemodule;
				SWIFT_OPTIMIZATION_LEVEL = "-O";
				VALIDATE_PRODUCT = YES;
			};
			name = Release;
		};
		6965C02921FD6B9300B31C1B /* Debug */ = {
			isa = XCBuildConfiguration;
			buildSettings = {
				ASSETCATALOG_COMPILER_APPICON_NAME = AppIcon;
				CODE_SIGN_STYLE = Automatic;
				DEVELOPMENT_TEAM = K5T37M7ZUW;
				INFOPLIST_FILE = AutoLayoutProgrammatically/Info.plist;
				LD_RUNPATH_SEARCH_PATHS = (
					"$(inherited)",
					"@executable_path/Frameworks",
				);
				PRODUCT_BUNDLE_IDENTIFIER = "-gigmustor-medium.com-.AutoLayoutProgrammatically";
				PRODUCT_NAME = "$(TARGET_NAME)";
				SWIFT_VERSION = 4.2;
				TARGETED_DEVICE_FAMILY = "1,2";
			};
			name = Debug;
		};
		6965C02A21FD6B9300B31C1B /* Release */ = {
			isa = XCBuildConfiguration;
			buildSettings = {
				ASSETCATALOG_COMPILER_APPICON_NAME = AppIcon;
				CODE_SIGN_STYLE = Automatic;
				DEVELOPMENT_TEAM = K5T37M7ZUW;
				INFOPLIST_FILE = AutoLayoutProgrammatically/Info.plist;
				LD_RUNPATH_SEARCH_PATHS = (
					"$(inherited)",
					"@executable_path/Frameworks",
				);
				PRODUCT_BUNDLE_IDENTIFIER = "-gigmustor-medium.com-.AutoLayoutProgrammatically";
				PRODUCT_NAME = "$(TARGET_NAME)";
				SWIFT_VERSION = 4.2;
				TARGETED_DEVICE_FAMILY = "1,2";
			};
			name = Release;
		};
		6965C02C21FD6B9300B31C1B /* Debug */ = {
			isa = XCBuildConfiguration;
			buildSettings = {
				ALWAYS_EMBED_SWIFT_STANDARD_LIBRARIES = YES;
				BUNDLE_LOADER = "$(TEST_HOST)";
				CODE_SIGN_STYLE = Automatic;
				DEVELOPMENT_TEAM = K5T37M7ZUW;
				INFOPLIST_FILE = AutoLayoutProgrammaticallyTests/Info.plist;
				LD_RUNPATH_SEARCH_PATHS = (
					"$(inherited)",
					"@executable_path/Frameworks",
					"@loader_path/Frameworks",
				);
				PRODUCT_BUNDLE_IDENTIFIER = "-gigmustor-medium.com-.AutoLayoutProgrammaticallyTests";
				PRODUCT_NAME = "$(TARGET_NAME)";
				SWIFT_VERSION = 4.2;
				TARGETED_DEVICE_FAMILY = "1,2";
				TEST_HOST = "$(BUILT_PRODUCTS_DIR)/AutoLayoutProgrammatically.app/AutoLayoutProgrammatically";
			};
			name = Debug;
		};
		6965C02D21FD6B9300B31C1B /* Release */ = {
			isa = XCBuildConfiguration;
			buildSettings = {
				ALWAYS_EMBED_SWIFT_STANDARD_LIBRARIES = YES;
				BUNDLE_LOADER = "$(TEST_HOST)";
				CODE_SIGN_STYLE = Automatic;
				DEVELOPMENT_TEAM = K5T37M7ZUW;
				INFOPLIST_FILE = AutoLayoutProgrammaticallyTests/Info.plist;
				LD_RUNPATH_SEARCH_PATHS = (
					"$(inherited)",
					"@executable_path/Frameworks",
					"@loader_path/Frameworks",
				);
				PRODUCT_BUNDLE_IDENTIFIER = "-gigmustor-medium.com-.AutoLayoutProgrammaticallyTests";
				PRODUCT_NAME = "$(TARGET_NAME)";
				SWIFT_VERSION = 4.2;
				TARGETED_DEVICE_FAMILY = "1,2";
				TEST_HOST = "$(BUILT_PRODUCTS_DIR)/AutoLayoutProgrammatically.app/AutoLayoutProgrammatically";
			};
			name = Release;
		};
/* End XCBuildConfiguration section */

/* Begin XCConfigurationList section */
		6965C00621FD6B9000B31C1B /* Build configuration list for PBXProject "AutoLayoutProgrammatically" */ = {
			isa = XCConfigurationList;
			buildConfigurations = (
				6965C02621FD6B9300B31C1B /* Debug */,
				6965C02721FD6B9300B31C1B /* Release */,
			);
			defaultConfigurationIsVisible = 0;
			defaultConfigurationName = Release;
		};
		6965C02821FD6B9300B31C1B /* Build configuration list for PBXNativeTarget "AutoLayoutProgrammatically" */ = {
			isa = XCConfigurationList;
			buildConfigurations = (
				6965C02921FD6B9300B31C1B /* Debug */,
				6965C02A21FD6B9300B31C1B /* Release */,
			);
			defaultConfigurationIsVisible = 0;
			defaultConfigurationName = Release;
		};
		6965C02B21FD6B9300B31C1B /* Build configuration list for PBXNativeTarget "AutoLayoutProgrammaticallyTests" */ = {
			isa = XCConfigurationList;
			buildConfigurations = (
				6965C02C21FD6B9300B31C1B /* Debug */,
				6965C02D21FD6B9300B31C1B /* Release */,
			);
			defaultConfigurationIsVisible = 0;
			defaultConfigurationName = Release;
		};
/* End XCConfigurationList section */
	};
	rootObject = 6965C00321FD6B9000B31C1B /* Project object */;
}
